
Microsoft Visual Studio Solution File, Format Version 12.00
# Visual Studio Version 17
VisualStudioVersion = 17.3.32929.385
MinimumVisualStudioVersion = 10.0.40219.1
Project("{FAE04EC0-301F-11D3-BF4B-00C04F79EFBC}") = "WpfApp2", "WpfApp2\WpfApp2.csproj", "{9FF457C1-8E7F-474B-AF16-62A6D760F5CF}"
EndProject
Global
	GlobalSection(SolutionConfigurationPlatforms) = preSolution
		Debug|Any CPU = Debug|Any CPU
		Release|Any CPU = Release|Any CPU
	EndGlobalSection
	GlobalSection(ProjectConfigurationPlatforms) = postSolution
		{9FF457C1-8E7F-474B-AF16-62A6D760F5CF}.Debug|Any CPU.ActiveCfg = Debug|Any CPU
		{9FF457C1-8E7F-474B-AF16-62A6D760F5CF}.Debug|Any CPU.Build.0 = Debug|Any CPU
		{9FF457C1-8E7F-474B-AF16-62A6D760F5CF}.Release|Any CPU.ActiveCfg = Release|Any CPU
		{9FF457C1-8E7F-474B-AF16-62A6D760F5CF}.Release|Any CPU.Build.0 = Release|Any CPU
	EndGlobalSection
	GlobalSection(SolutionProperties) = preSolution
		HideSolutionNode = FALSE
	EndGlobalSection
	GlobalSection(ExtensibilityGlobals) = postSolution
		SolutionGuid = {102D7B33-6804-48B1-B01E-2542E3465A5C}
	EndGlobalSection
EndGlobal
